<?xml version="1.0" encoding="utf-8"?>
<!--
  core.vcxproj.filters — organización virtual del proyecto LuminaCore
  (línea reestructurada v1.0.0). Solo estético para el IDE.
  -->
<Project ToolsVersion="4.0" xmlns="http://schemas.microsoft.com/developer/msbuild/2003">
  <ItemGroup>
    <Filter Include="base (native/core)">
      <UniqueIdentifier>{b1a5e100-0001-4a10-9c41-0a5510000001}</UniqueIdentifier>
    </Filter>
    <Filter Include="reestructurados (src/core/src)">
      <UniqueIdentifier>{b1a5e100-0002-4a10-9c41-0a5510000002}</UniqueIdentifier>
    </Filter>
    <Filter Include="terceros">
      <UniqueIdentifier>{b1a5e100-0003-4a10-9c41-0a5510000003}</UniqueIdentifier>
    </Filter>
    <Filter Include="cabeceras">
      <UniqueIdentifier>{b1a5e100-0004-4a10-9c41-0a5510000004}</UniqueIdentifier>
    </Filter>
  </ItemGroup>
  <ItemGroup>
    <ClCompile Include="..\..\native\core\src\lumina_api.cpp"><Filter>base (native/core)</Filter></ClCompile>
    <ClCompile Include="..\..\native\core\src\Engine.cpp"><Filter>base (native/core)</Filter></ClCompile>
    <ClCompile Include="..\..\native\core\src\Storage.cpp"><Filter>base (native/core)</Filter></ClCompile>
    <ClCompile Include="..\..\native\core\src\SongModel.cpp"><Filter>base (native/core)</Filter></ClCompile>
    <ClCompile Include="..\..\native\core\src\BibleBib.cpp"><Filter>base (native/core)</Filter></ClCompile>
    <ClCompile Include="..\..\native\core\src\Chords.cpp"><Filter>base (native/core)</Filter></ClCompile>
    <ClCompile Include="..\..\native\core\src\Lyrics.cpp"><Filter>base (native/core)</Filter></ClCompile>
    <ClCompile Include="..\..\native\core\src\BibleRef.cpp"><Filter>base (native/core)</Filter></ClCompile>
    <ClCompile Include="..\..\native\core\src\Scripture.cpp"><Filter>base (native/core)</Filter></ClCompile>
    <ClCompile Include="..\..\native\core\src\Highlight.cpp"><Filter>base (native/core)</Filter></ClCompile>
    <ClCompile Include="..\..\native\core\src\Renderer.cpp"><Filter>base (native/core)</Filter></ClCompile>
    <ClCompile Include="..\..\native\core\src\Projector.cpp"><Filter>base (native/core)</Filter></ClCompile>
    <ClCompile Include="..\..\native\core\src\Win7Compat.cpp"><Filter>base (native/core)</Filter></ClCompile>
    <ClCompile Include="src\EnvironmentReport.cpp"><Filter>reestructurados (src/core/src)</Filter></ClCompile>
    <ClCompile Include="src\RendererD2D.cpp"><Filter>reestructurados (src/core/src)</Filter></ClCompile>
    <ClCompile Include="..\..\third_party\sqlite3\sqlite3.c"><Filter>terceros</Filter></ClCompile>
    <MASM Include="..\..\native\core\src\Win7CompatX86.asm"><Filter>base (native/core)</Filter></MASM>
    <ClInclude Include="..\..\native\core\include\lumina\lumina.h"><Filter>cabeceras</Filter></ClInclude>
    <ClInclude Include="..\..\native\core\src\LuminaCore.h"><Filter>cabeceras</Filter></ClInclude>
    <ClInclude Include="src\EnvironmentReport.h"><Filter>reestructurados (src/core/src)</Filter></ClInclude>
    <ClInclude Include="src\RendererD2D.h"><Filter>reestructurados (src/core/src)</Filter></ClInclude>
  </ItemGroup>
</Project>
